
Microsoft Visual Studio Solution File, Format Version 12.00
# Visual Studio Version 16
VisualStudioVersion = 16.0.33927.289
MinimumVisualStudioVersion = 10.0.40219.1
Project("{2150E333-8FDC-42A3-9474-1A3956D46DE8}") = "Task0", "Task0", "{987444E9-2613-43E5-A1C1-F468327D87B9}"
EndProject
Project("{FAE04EC0-301F-11D3-BF4B-00C04F79EFBC}") = "Tyuiu.KoptyaevRS.Sprint2.Task0.V22", "Tyuiu.KoptyaevRS.Sprint2.Task0.V22\Tyuiu.KoptyaevRS.Sprint2.Task0.V22.csproj", "{4B744829-890E-4850-98AF-B345EC5A2FBF}"
EndProject
Project("{FAE04EC0-301F-11D3-BF4B-00C04F79EFBC}") = "Tyuiu.KoptyaevRS.Sprint2.Task0.V22.Lib", "Tyuiu.KoptyaevRS.Sprint2.Task0.V22.Lib\Tyuiu.KoptyaevRS.Sprint2.Task0.V22.Lib.csproj", "{9DC2F130-084E-4FB7-BB75-1707ED51BE78}"
EndProject
Project("{FAE04EC0-301F-11D3-BF4B-00C04F79EFBC}") = "Tyuiu.KoptyaevRS.Sprint2.Task0.V22.Test", "Tyuiu.KoptyaevRS.Sprint2.Task0.V22.Test\Tyuiu.KoptyaevRS.Sprint2.Task0.V22.Test.csproj", "{D746D107-745D-4E4A-892D-63F2013CA5B2}"
EndProject
Project("{2150E333-8FDC-42A3-9474-1A3956D46DE8}") = "Task1", "Task1", "{86534E19-6349-454F-A0AD-FE26CB259B6A}"
EndProject
Project("{FAE04EC0-301F-11D3-BF4B-00C04F79EFBC}") = "Tyuiu.KoptyaevRS.Sprint2.Task1.V20", "Tyuiu.KoptyaevRS.Sprint2.Task1.V20\Tyuiu.KoptyaevRS.Sprint2.Task1.V20.csproj", "{9B2A1966-D120-421F-8100-34AB43F38683}"
EndProject
Project("{FAE04EC0-301F-11D3-BF4B-00C04F79EFBC}") = "Tyuiu.KoptyaevRS.Sprint2.Task1.V20.Lib", "Tyuiu.KoptyaevRS.Sprint2.Task1.V20.Lib\Tyuiu.KoptyaevRS.Sprint2.Task1.V20.Lib.csproj", "{6DF6017C-9380-4617-B3BC-9DAFD87C529D}"
EndProject
Project("{FAE04EC0-301F-11D3-BF4B-00C04F79EFBC}") = "Tyuiu.KoptyaevRS.Sprint2.Task1.V20.Test", "Tyuiu.KoptyaevRS.Sprint2.Task1.V20.Test\Tyuiu.KoptyaevRS.Sprint2.Task1.V20.Test.csproj", "{E079EB27-F944-4A46-9BDC-302C8A07718F}"
EndProject
Global
	GlobalSection(SolutionConfigurationPlatforms) = preSolution
		Debug|Any CPU = Debug|Any CPU
		Release|Any CPU = Release|Any CPU
	EndGlobalSection
	GlobalSection(ProjectConfigurationPlatforms) = postSolution
		{4B744829-890E-4850-98AF-B345EC5A2FBF}.Debug|Any CPU.ActiveCfg = Debug|Any CPU
		{4B744829-890E-4850-98AF-B345EC5A2FBF}.Debug|Any CPU.Build.0 = Debug|Any CPU
		{4B744829-890E-4850-98AF-B345EC5A2FBF}.Release|Any CPU.ActiveCfg = Release|Any CPU
		{4B744829-890E-4850-98AF-B345EC5A2FBF}.Release|Any CPU.Build.0 = Release|Any CPU
		{9DC2F130-084E-4FB7-BB75-1707ED51BE78}.Debug|Any CPU.ActiveCfg = Debug|Any CPU
		{9DC2F130-084E-4FB7-BB75-1707ED51BE78}.Debug|Any CPU.Build.0 = Debug|Any CPU
		{9DC2F130-084E-4FB7-BB75-1707ED51BE78}.Release|Any CPU.ActiveCfg = Release|Any CPU
		{9DC2F130-084E-4FB7-BB75-1707ED51BE78}.Release|Any CPU.Build.0 = Release|Any CPU
		{D746D107-745D-4E4A-892D-63F2013CA5B2}.Debug|Any CPU.ActiveCfg = Debug|Any CPU
		{D746D107-745D-4E4A-892D-63F2013CA5B2}.Debug|Any CPU.Build.0 = Debug|Any CPU
		{D746D107-745D-4E4A-892D-63F2013CA5B2}.Release|Any CPU.ActiveCfg = Release|Any CPU
		{D746D107-745D-4E4A-892D-63F2013CA5B2}.Release|Any CPU.Build.0 = Release|Any CPU
		{9B2A1966-D120-421F-8100-34AB43F38683}.Debug|Any CPU.ActiveCfg = Debug|Any CPU
		{9B2A1966-D120-421F-8100-34AB43F38683}.Debug|Any CPU.Build.0 = Debug|Any CPU
		{9B2A1966-D120-421F-8100-34AB43F38683}.Release|Any CPU.ActiveCfg = Release|Any CPU
		{9B2A1966-D120-421F-8100-34AB43F38683}.Release|Any CPU.Build.0 = Release|Any CPU
		{6DF6017C-9380-4617-B3BC-9DAFD87C529D}.Debug|Any CPU.ActiveCfg = Debug|Any CPU
		{6DF6017C-9380-4617-B3BC-9DAFD87C529D}.Debug|Any CPU.Build.0 = Debug|Any CPU
		{6DF6017C-9380-4617-B3BC-9DAFD87C529D}.Release|Any CPU.ActiveCfg = Release|Any CPU
		{6DF6017C-9380-4617-B3BC-9DAFD87C529D}.Release|Any CPU.Build.0 = Release|Any CPU
		{E079EB27-F944-4A46-9BDC-302C8A07718F}.Debug|Any CPU.ActiveCfg = Debug|Any CPU
		{E079EB27-F944-4A46-9BDC-302C8A07718F}.Debug|Any CPU.Build.0 = Debug|Any CPU
		{E079EB27-F944-4A46-9BDC-302C8A07718F}.Release|Any CPU.ActiveCfg = Release|Any CPU
		{E079EB27-F944-4A46-9BDC-302C8A07718F}.Release|Any CPU.Build.0 = Release|Any CPU
	EndGlobalSection
	GlobalSection(SolutionProperties) = preSolution
		HideSolutionNode = FALSE
	EndGlobalSection
	GlobalSection(NestedProjects) = preSolution
		{4B744829-890E-4850-98AF-B345EC5A2FBF} = {987444E9-2613-43E5-A1C1-F468327D87B9}
		{9DC2F130-084E-4FB7-BB75-1707ED51BE78} = {987444E9-2613-43E5-A1C1-F468327D87B9}
		{D746D107-745D-4E4A-892D-63F2013CA5B2} = {987444E9-2613-43E5-A1C1-F468327D87B9}
		{9B2A1966-D120-421F-8100-34AB43F38683} = {86534E19-6349-454F-A0AD-FE26CB259B6A}
		{6DF6017C-9380-4617-B3BC-9DAFD87C529D} = {86534E19-6349-454F-A0AD-FE26CB259B6A}
		{E079EB27-F944-4A46-9BDC-302C8A07718F} = {86534E19-6349-454F-A0AD-FE26CB259B6A}
	EndGlobalSection
	GlobalSection(ExtensibilityGlobals) = postSolution
		SolutionGuid = {10A53836-7F7E-48C6-A41A-17DBDB7A1D81}
	EndGlobalSection
EndGlobal
