
Microsoft Visual Studio Solution File, Format Version 12.00
# Visual Studio Version 16
VisualStudioVersion = 16.0.33927.289
MinimumVisualStudioVersion = 10.0.40219.1
Project("{2150E333-8FDC-42A3-9474-1A3956D46DE8}") = "Task0", "Task0", "{987444E9-2613-43E5-A1C1-F468327D87B9}"
EndProject
Project("{FAE04EC0-301F-11D3-BF4B-00C04F79EFBC}") = "Tyuiu.KoptyaevRS.Sprint2.Task0.V22", "Tyuiu.KoptyaevRS.Sprint2.Task0.V22\Tyuiu.KoptyaevRS.Sprint2.Task0.V22.csproj", "{4B744829-890E-4850-98AF-B345EC5A2FBF}"
EndProject
Project("{FAE04EC0-301F-11D3-BF4B-00C04F79EFBC}") = "Tyuiu.KoptyaevRS.Sprint2.Task0.V22.Lib", "Tyuiu.KoptyaevRS.Sprint2.Task0.V22.Lib\Tyuiu.KoptyaevRS.Sprint2.Task0.V22.Lib.csproj", "{9DC2F130-084E-4FB7-BB75-1707ED51BE78}"
EndProject
Project("{FAE04EC0-301F-11D3-BF4B-00C04F79EFBC}") = "Tyuiu.KoptyaevRS.Sprint2.Task0.V22.Test", "Tyuiu.KoptyaevRS.Sprint2.Task0.V22.Test\Tyuiu.KoptyaevRS.Sprint2.Task0.V22.Test.csproj", "{D746D107-745D-4E4A-892D-63F2013CA5B2}"
EndProject
Project("{2150E333-8FDC-42A3-9474-1A3956D46DE8}") = "Task1", "Task1", "{86534E19-6349-454F-A0AD-FE26CB259B6A}"
EndProject
Project("{FAE04EC0-301F-11D3-BF4B-00C04F79EFBC}") = "Tyuiu.KoptyaevRS.Sprint2.Task1.V20", "Tyuiu.KoptyaevRS.Sprint2.Task1.V20\Tyuiu.KoptyaevRS.Sprint2.Task1.V20.csproj", "{9B2A1966-D120-421F-8100-34AB43F38683}"
EndProject
Project("{FAE04EC0-301F-11D3-BF4B-00C04F79EFBC}") = "Tyuiu.KoptyaevRS.Sprint2.Task1.V20.Lib", "Tyuiu.KoptyaevRS.Sprint2.Task1.V20.Lib\Tyuiu.KoptyaevRS.Sprint2.Task1.V20.Lib.csproj", "{6DF6017C-9380-4617-B3BC-9DAFD87C529D}"
EndProject
Project("{FAE04EC0-301F-11D3-BF4B-00C04F79EFBC}") = "Tyuiu.KoptyaevRS.Sprint2.Task1.V20.Test", "Tyuiu.KoptyaevRS.Sprint2.Task1.V20.Test\Tyuiu.KoptyaevRS.Sprint2.Task1.V20.Test.csproj", "{E079EB27-F944-4A46-9BDC-302C8A07718F}"
EndProject
Project("{2150E333-8FDC-42A3-9474-1A3956D46DE8}") = "Task2", "Task2", "{CE4BDA83-E1F1-4562-A65F-CF45537B5503}"
EndProject
Project("{FAE04EC0-301F-11D3-BF4B-00C04F79EFBC}") = "Tyuiu.KoptyaevRS.Sprint2.Task2.V20", "Tyuiu.KoptyaevRS.Sprint2.Task2.V20\Tyuiu.KoptyaevRS.Sprint2.Task2.V20.csproj", "{6FFBEA93-CA33-42B5-A98C-832A417DBBE7}"
EndProject
Project("{FAE04EC0-301F-11D3-BF4B-00C04F79EFBC}") = "Tyuiu.KoptyaevRS.Sprint2.Task2.V20.Lib", "Tyuiu.KoptyaevRS.Sprint2.Task2.V20.Lib\Tyuiu.KoptyaevRS.Sprint2.Task2.V20.Lib.csproj", "{00F0E42B-419E-4150-8FE4-148A2BFF00E5}"
EndProject
Project("{FAE04EC0-301F-11D3-BF4B-00C04F79EFBC}") = "Tyuiu.KoptyaevRS.Sprint2.Task2.V20.Test", "Tyuiu.KoptyaevRS.Sprint2.Task2.V20.Test\Tyuiu.KoptyaevRS.Sprint2.Task2.V20.Test.csproj", "{E3004C76-4494-4FE0-B70A-9387BE584C68}"
EndProject
Project("{2150E333-8FDC-42A3-9474-1A3956D46DE8}") = "Task3", "Task3", "{B9F2F574-BA82-4926-B203-AACD34A2BC4F}"
EndProject
Project("{FAE04EC0-301F-11D3-BF4B-00C04F79EFBC}") = "Tyuiu.KoptyaevRS.Sprint2.Task3.V8", "Tyuiu.KoptyaevRS.Sprint2.Task3.V8\Tyuiu.KoptyaevRS.Sprint2.Task3.V8.csproj", "{66FFB25C-6B93-405A-BB47-B6307174CA7B}"
EndProject
Project("{FAE04EC0-301F-11D3-BF4B-00C04F79EFBC}") = "Tyuiu.KoptyaevRS.Sprint2.Task3.V8.Lib", "Tyuiu.KoptyaevRS.Sprint2.Task3.V8.Lib\Tyuiu.KoptyaevRS.Sprint2.Task3.V8.Lib.csproj", "{84252A44-3D1A-4A2B-827C-8A475529B504}"
EndProject
Project("{FAE04EC0-301F-11D3-BF4B-00C04F79EFBC}") = "Tyuiu.KoptyaevRS.Sprint2.Task3.V8.Test", "Tyuiu.KoptyaevRS.Sprint2.Task3.V8.Test\Tyuiu.KoptyaevRS.Sprint2.Task3.V8.Test.csproj", "{B315A5B2-9680-4441-915C-C55F53BA1868}"
EndProject
Project("{2150E333-8FDC-42A3-9474-1A3956D46DE8}") = "Task4", "Task4", "{5DA16897-5B89-46DB-B142-5902D2A18316}"
EndProject
Project("{FAE04EC0-301F-11D3-BF4B-00C04F79EFBC}") = "Tyuiu.KoptyaevRS.Sprint2.Task4.V22", "Tyuiu.KoptyaevRS.Sprint2.Task4.V22\Tyuiu.KoptyaevRS.Sprint2.Task4.V22.csproj", "{1D3B3ECD-2780-4AEA-85D3-7935EB3E3551}"
EndProject
Project("{FAE04EC0-301F-11D3-BF4B-00C04F79EFBC}") = "Tyuiu.KoptyaevRS.Sprint2.Task4.V22.Lib", "Tyuiu.KoptyaevRS.Sprint2.Task4.V22.Lib\Tyuiu.KoptyaevRS.Sprint2.Task4.V22.Lib.csproj", "{91EF9CCF-8656-4FBD-92D8-D0D5B611CA52}"
EndProject
Project("{FAE04EC0-301F-11D3-BF4B-00C04F79EFBC}") = "Tyuiu.KoptyaevRS.Sprint2.Task4.V22.Test", "Tyuiu.KoptyaevRS.Sprint2.Task4.V22.Test\Tyuiu.KoptyaevRS.Sprint2.Task4.V22.Test.csproj", "{26ECB3AA-9FD0-4CAE-AD18-51EF2AF32EA1}"
EndProject
Global
	GlobalSection(SolutionConfigurationPlatforms) = preSolution
		Debug|Any CPU = Debug|Any CPU
		Release|Any CPU = Release|Any CPU
	EndGlobalSection
	GlobalSection(ProjectConfigurationPlatforms) = postSolution
		{4B744829-890E-4850-98AF-B345EC5A2FBF}.Debug|Any CPU.ActiveCfg = Debug|Any CPU
		{4B744829-890E-4850-98AF-B345EC5A2FBF}.Debug|Any CPU.Build.0 = Debug|Any CPU
		{4B744829-890E-4850-98AF-B345EC5A2FBF}.Release|Any CPU.ActiveCfg = Release|Any CPU
		{4B744829-890E-4850-98AF-B345EC5A2FBF}.Release|Any CPU.Build.0 = Release|Any CPU
		{9DC2F130-084E-4FB7-BB75-1707ED51BE78}.Debug|Any CPU.ActiveCfg = Debug|Any CPU
		{9DC2F130-084E-4FB7-BB75-1707ED51BE78}.Debug|Any CPU.Build.0 = Debug|Any CPU
		{9DC2F130-084E-4FB7-BB75-1707ED51BE78}.Release|Any CPU.ActiveCfg = Release|Any CPU
		{9DC2F130-084E-4FB7-BB75-1707ED51BE78}.Release|Any CPU.Build.0 = Release|Any CPU
		{D746D107-745D-4E4A-892D-63F2013CA5B2}.Debug|Any CPU.ActiveCfg = Debug|Any CPU
		{D746D107-745D-4E4A-892D-63F2013CA5B2}.Debug|Any CPU.Build.0 = Debug|Any CPU
		{D746D107-745D-4E4A-892D-63F2013CA5B2}.Release|Any CPU.ActiveCfg = Release|Any CPU
		{D746D107-745D-4E4A-892D-63F2013CA5B2}.Release|Any CPU.Build.0 = Release|Any CPU
		{9B2A1966-D120-421F-8100-34AB43F38683}.Debug|Any CPU.ActiveCfg = Debug|Any CPU
		{9B2A1966-D120-421F-8100-34AB43F38683}.Debug|Any CPU.Build.0 = Debug|Any CPU
		{9B2A1966-D120-421F-8100-34AB43F38683}.Release|Any CPU.ActiveCfg = Release|Any CPU
		{9B2A1966-D120-421F-8100-34AB43F38683}.Release|Any CPU.Build.0 = Release|Any CPU
		{6DF6017C-9380-4617-B3BC-9DAFD87C529D}.Debug|Any CPU.ActiveCfg = Debug|Any CPU
		{6DF6017C-9380-4617-B3BC-9DAFD87C529D}.Debug|Any CPU.Build.0 = Debug|Any CPU
		{6DF6017C-9380-4617-B3BC-9DAFD87C529D}.Release|Any CPU.ActiveCfg = Release|Any CPU
		{6DF6017C-9380-4617-B3BC-9DAFD87C529D}.Release|Any CPU.Build.0 = Release|Any CPU
		{E079EB27-F944-4A46-9BDC-302C8A07718F}.Debug|Any CPU.ActiveCfg = Debug|Any CPU
		{E079EB27-F944-4A46-9BDC-302C8A07718F}.Debug|Any CPU.Build.0 = Debug|Any CPU
		{E079EB27-F944-4A46-9BDC-302C8A07718F}.Release|Any CPU.ActiveCfg = Release|Any CPU
		{E079EB27-F944-4A46-9BDC-302C8A07718F}.Release|Any CPU.Build.0 = Release|Any CPU
		{6FFBEA93-CA33-42B5-A98C-832A417DBBE7}.Debug|Any CPU.ActiveCfg = Debug|Any CPU
		{6FFBEA93-CA33-42B5-A98C-832A417DBBE7}.Debug|Any CPU.Build.0 = Debug|Any CPU
		{6FFBEA93-CA33-42B5-A98C-832A417DBBE7}.Release|Any CPU.ActiveCfg = Release|Any CPU
		{6FFBEA93-CA33-42B5-A98C-832A417DBBE7}.Release|Any CPU.Build.0 = Release|Any CPU
		{00F0E42B-419E-4150-8FE4-148A2BFF00E5}.Debug|Any CPU.ActiveCfg = Debug|Any CPU
		{00F0E42B-419E-4150-8FE4-148A2BFF00E5}.Debug|Any CPU.Build.0 = Debug|Any CPU
		{00F0E42B-419E-4150-8FE4-148A2BFF00E5}.Release|Any CPU.ActiveCfg = Release|Any CPU
		{00F0E42B-419E-4150-8FE4-148A2BFF00E5}.Release|Any CPU.Build.0 = Release|Any CPU
		{E3004C76-4494-4FE0-B70A-9387BE584C68}.Debug|Any CPU.ActiveCfg = Debug|Any CPU
		{E3004C76-4494-4FE0-B70A-9387BE584C68}.Debug|Any CPU.Build.0 = Debug|Any CPU
		{E3004C76-4494-4FE0-B70A-9387BE584C68}.Release|Any CPU.ActiveCfg = Release|Any CPU
		{E3004C76-4494-4FE0-B70A-9387BE584C68}.Release|Any CPU.Build.0 = Release|Any CPU
		{66FFB25C-6B93-405A-BB47-B6307174CA7B}.Debug|Any CPU.ActiveCfg = Debug|Any CPU
		{66FFB25C-6B93-405A-BB47-B6307174CA7B}.Debug|Any CPU.Build.0 = Debug|Any CPU
		{66FFB25C-6B93-405A-BB47-B6307174CA7B}.Release|Any CPU.ActiveCfg = Release|Any CPU
		{66FFB25C-6B93-405A-BB47-B6307174CA7B}.Release|Any CPU.Build.0 = Release|Any CPU
		{84252A44-3D1A-4A2B-827C-8A475529B504}.Debug|Any CPU.ActiveCfg = Debug|Any CPU
		{84252A44-3D1A-4A2B-827C-8A475529B504}.Debug|Any CPU.Build.0 = Debug|Any CPU
		{84252A44-3D1A-4A2B-827C-8A475529B504}.Release|Any CPU.ActiveCfg = Release|Any CPU
		{84252A44-3D1A-4A2B-827C-8A475529B504}.Release|Any CPU.Build.0 = Release|Any CPU
		{B315A5B2-9680-4441-915C-C55F53BA1868}.Debug|Any CPU.ActiveCfg = Debug|Any CPU
		{B315A5B2-9680-4441-915C-C55F53BA1868}.Debug|Any CPU.Build.0 = Debug|Any CPU
		{B315A5B2-9680-4441-915C-C55F53BA1868}.Release|Any CPU.ActiveCfg = Release|Any CPU
		{B315A5B2-9680-4441-915C-C55F53BA1868}.Release|Any CPU.Build.0 = Release|Any CPU
		{1D3B3ECD-2780-4AEA-85D3-7935EB3E3551}.Debug|Any CPU.ActiveCfg = Debug|Any CPU
		{1D3B3ECD-2780-4AEA-85D3-7935EB3E3551}.Debug|Any CPU.Build.0 = Debug|Any CPU
		{1D3B3ECD-2780-4AEA-85D3-7935EB3E3551}.Release|Any CPU.ActiveCfg = Release|Any CPU
		{1D3B3ECD-2780-4AEA-85D3-7935EB3E3551}.Release|Any CPU.Build.0 = Release|Any CPU
		{91EF9CCF-8656-4FBD-92D8-D0D5B611CA52}.Debug|Any CPU.ActiveCfg = Debug|Any CPU
		{91EF9CCF-8656-4FBD-92D8-D0D5B611CA52}.Debug|Any CPU.Build.0 = Debug|Any CPU
		{91EF9CCF-8656-4FBD-92D8-D0D5B611CA52}.Release|Any CPU.ActiveCfg = Release|Any CPU
		{91EF9CCF-8656-4FBD-92D8-D0D5B611CA52}.Release|Any CPU.Build.0 = Release|Any CPU
		{26ECB3AA-9FD0-4CAE-AD18-51EF2AF32EA1}.Debug|Any CPU.ActiveCfg = Debug|Any CPU
		{26ECB3AA-9FD0-4CAE-AD18-51EF2AF32EA1}.Debug|Any CPU.Build.0 = Debug|Any CPU
		{26ECB3AA-9FD0-4CAE-AD18-51EF2AF32EA1}.Release|Any CPU.ActiveCfg = Release|Any CPU
		{26ECB3AA-9FD0-4CAE-AD18-51EF2AF32EA1}.Release|Any CPU.Build.0 = Release|Any CPU
	EndGlobalSection
	GlobalSection(SolutionProperties) = preSolution
		HideSolutionNode = FALSE
	EndGlobalSection
	GlobalSection(NestedProjects) = preSolution
		{4B744829-890E-4850-98AF-B345EC5A2FBF} = {987444E9-2613-43E5-A1C1-F468327D87B9}
		{9DC2F130-084E-4FB7-BB75-1707ED51BE78} = {987444E9-2613-43E5-A1C1-F468327D87B9}
		{D746D107-745D-4E4A-892D-63F2013CA5B2} = {987444E9-2613-43E5-A1C1-F468327D87B9}
		{9B2A1966-D120-421F-8100-34AB43F38683} = {86534E19-6349-454F-A0AD-FE26CB259B6A}
		{6DF6017C-9380-4617-B3BC-9DAFD87C529D} = {86534E19-6349-454F-A0AD-FE26CB259B6A}
		{E079EB27-F944-4A46-9BDC-302C8A07718F} = {86534E19-6349-454F-A0AD-FE26CB259B6A}
		{6FFBEA93-CA33-42B5-A98C-832A417DBBE7} = {CE4BDA83-E1F1-4562-A65F-CF45537B5503}
		{00F0E42B-419E-4150-8FE4-148A2BFF00E5} = {CE4BDA83-E1F1-4562-A65F-CF45537B5503}
		{E3004C76-4494-4FE0-B70A-9387BE584C68} = {CE4BDA83-E1F1-4562-A65F-CF45537B5503}
		{66FFB25C-6B93-405A-BB47-B6307174CA7B} = {B9F2F574-BA82-4926-B203-AACD34A2BC4F}
		{84252A44-3D1A-4A2B-827C-8A475529B504} = {B9F2F574-BA82-4926-B203-AACD34A2BC4F}
		{B315A5B2-9680-4441-915C-C55F53BA1868} = {B9F2F574-BA82-4926-B203-AACD34A2BC4F}
		{1D3B3ECD-2780-4AEA-85D3-7935EB3E3551} = {5DA16897-5B89-46DB-B142-5902D2A18316}
		{91EF9CCF-8656-4FBD-92D8-D0D5B611CA52} = {5DA16897-5B89-46DB-B142-5902D2A18316}
		{26ECB3AA-9FD0-4CAE-AD18-51EF2AF32EA1} = {5DA16897-5B89-46DB-B142-5902D2A18316}
	EndGlobalSection
	GlobalSection(ExtensibilityGlobals) = postSolution
		SolutionGuid = {10A53836-7F7E-48C6-A41A-17DBDB7A1D81}
	EndGlobalSection
EndGlobal
